
Microsoft Visual Studio Solution File, Format Version 12.00
# Visual Studio Version 16
VisualStudioVersion = 16.0.30907.101
MinimumVisualStudioVersion = 10.0.40219.1
Project("{9A19103F-16F7-4668-BE54-9A1E7A4F7556}") = "ShapesConsoleApp", "ShapesConsoleApp\ShapesConsoleApp.csproj", "{1C7F7EA5-4539-476D-BC75-F194C7F48627}"
EndProject
Project("{FAE04EC0-301F-11D3-BF4B-00C04F79EFBC}") = "Shared", "Shapes\Shared.csproj", "{0B3AE686-628B-4886-BACF-119351A7F69B}"
EndProject
Project("{FAE04EC0-301F-11D3-BF4B-00C04F79EFBC}") = "Shapes", "Shared\Shapes.csproj", "{13D8197C-D154-40CB-92EB-623AEF3B2224}"
EndProject
Global
	GlobalSection(SolutionConfigurationPlatforms) = preSolution
		Debug|Any CPU = Debug|Any CPU
		Release|Any CPU = Release|Any CPU
	EndGlobalSection
	GlobalSection(ProjectConfigurationPlatforms) = postSolution
		{1C7F7EA5-4539-476D-BC75-F194C7F48627}.Debug|Any CPU.ActiveCfg = Debug|Any CPU
		{1C7F7EA5-4539-476D-BC75-F194C7F48627}.Debug|Any CPU.Build.0 = Debug|Any CPU
		{1C7F7EA5-4539-476D-BC75-F194C7F48627}.Release|Any CPU.ActiveCfg = Release|Any CPU
		{1C7F7EA5-4539-476D-BC75-F194C7F48627}.Release|Any CPU.Build.0 = Release|Any CPU
		{0B3AE686-628B-4886-BACF-119351A7F69B}.Debug|Any CPU.ActiveCfg = Debug|Any CPU
		{0B3AE686-628B-4886-BACF-119351A7F69B}.Debug|Any CPU.Build.0 = Debug|Any CPU
		{0B3AE686-628B-4886-BACF-119351A7F69B}.Release|Any CPU.ActiveCfg = Release|Any CPU
		{0B3AE686-628B-4886-BACF-119351A7F69B}.Release|Any CPU.Build.0 = Release|Any CPU
		{13D8197C-D154-40CB-92EB-623AEF3B2224}.Debug|Any CPU.ActiveCfg = Debug|Any CPU
		{13D8197C-D154-40CB-92EB-623AEF3B2224}.Debug|Any CPU.Build.0 = Debug|Any CPU
		{13D8197C-D154-40CB-92EB-623AEF3B2224}.Release|Any CPU.ActiveCfg = Release|Any CPU
		{13D8197C-D154-40CB-92EB-623AEF3B2224}.Release|Any CPU.Build.0 = Release|Any CPU
	EndGlobalSection
	GlobalSection(SolutionProperties) = preSolution
		HideSolutionNode = FALSE
	EndGlobalSection
	GlobalSection(ExtensibilityGlobals) = postSolution
		SolutionGuid = {4722C72B-1B6E-4B4C-B6F7-24CCD0C13247}
	EndGlobalSection
EndGlobal
